Microsoft Visual Studio Solution File, Format Version 11.00
# Visual Studio 2008

Project("{39E59205-5230-85DD-3CC9-6030E4170E53}") = "PRED", "Assembly-CSharp-firstpass.csproj", "{0C0B61A7-1A8A-5CB3-08D2-0C4CE00DF813}"
EndProject
Project("{39E59205-5230-85DD-3CC9-6030E4170E53}") = "PRED", "Assembly-CSharp.csproj", "{77D100E4-71FB-C34A-989B-D57D706F8261}"
EndProject
Project("{39E59205-5230-85DD-3CC9-6030E4170E53}") = "PRED", "Assembly-CSharp-Editor-firstpass.csproj", "{9FF9E3DD-3B80-0092-8948-1EEB3DDDD065}"
EndProject
Project("{39E59205-5230-85DD-3CC9-6030E4170E53}") = "PRED", "Assembly-CSharp-Editor.csproj", "{FE3E981B-37F4-FAA6-D8F4-C6236C5EB14C}"
EndProject
Global
	GlobalSection(SolutionConfigurationPlatforms) = preSolution
		Debug|Any CPU = Debug|Any CPU
		Release|Any CPU = Release|Any CPU
	EndGlobalSection
	GlobalSection(ProjectConfigurationPlatforms) = postSolution
		{0C0B61A7-1A8A-5CB3-08D2-0C4CE00DF813}.Debug|Any CPU.ActiveCfg = Debug|Any CPU
		{0C0B61A7-1A8A-5CB3-08D2-0C4CE00DF813}.Debug|Any CPU.Build.0 = Debug|Any CPU
		{0C0B61A7-1A8A-5CB3-08D2-0C4CE00DF813}.Release|Any CPU.ActiveCfg = Release|Any CPU
		{0C0B61A7-1A8A-5CB3-08D2-0C4CE00DF813}.Release|Any CPU.Build.0 = Release|Any CPU
		{77D100E4-71FB-C34A-989B-D57D706F8261}.Debug|Any CPU.ActiveCfg = Debug|Any CPU
		{77D100E4-71FB-C34A-989B-D57D706F8261}.Debug|Any CPU.Build.0 = Debug|Any CPU
		{77D100E4-71FB-C34A-989B-D57D706F8261}.Release|Any CPU.ActiveCfg = Release|Any CPU
		{77D100E4-71FB-C34A-989B-D57D706F8261}.Release|Any CPU.Build.0 = Release|Any CPU
		{9FF9E3DD-3B80-0092-8948-1EEB3DDDD065}.Debug|Any CPU.ActiveCfg = Debug|Any CPU
		{9FF9E3DD-3B80-0092-8948-1EEB3DDDD065}.Debug|Any CPU.Build.0 = Debug|Any CPU
		{9FF9E3DD-3B80-0092-8948-1EEB3DDDD065}.Release|Any CPU.ActiveCfg = Release|Any CPU
		{9FF9E3DD-3B80-0092-8948-1EEB3DDDD065}.Release|Any CPU.Build.0 = Release|Any CPU
		{FE3E981B-37F4-FAA6-D8F4-C6236C5EB14C}.Debug|Any CPU.ActiveCfg = Debug|Any CPU
		{FE3E981B-37F4-FAA6-D8F4-C6236C5EB14C}.Debug|Any CPU.Build.0 = Debug|Any CPU
		{FE3E981B-37F4-FAA6-D8F4-C6236C5EB14C}.Release|Any CPU.ActiveCfg = Release|Any CPU
		{FE3E981B-37F4-FAA6-D8F4-C6236C5EB14C}.Release|Any CPU.Build.0 = Release|Any CPU
	EndGlobalSection
	GlobalSection(SolutionProperties) = preSolution
		HideSolutionNode = FALSE
	EndGlobalSection
	GlobalSection(MonoDevelopProperties) = preSolution
		StartupItem = Assembly-CSharp.csproj
	EndGlobalSection
EndGlobal
